
Microsoft Visual Studio Solution File, Format Version 12.00
# Visual Studio Version 17
VisualStudioVersion = 17.9.34902.65
MinimumVisualStudioVersion = 10.0.40219.1
Project("{9A19103F-16F7-4668-BE54-9A1E7A4F7556}") = "MiniMesDocumentation", "ProjektMiniMes\MiniMesDocumentation.csproj", "{E3BF5521-84C1-4B0E-863D-1AD3F961ECFA}"
EndProject
Project("{FAE04EC0-301F-11D3-BF4B-00C04F79EFBC}") = "MiniMesDocumentation.Application", "MiniMesDocumentation.Application\MiniMesDocumentation.Application.csproj", "{D20E824E-92D1-48A7-ACA9-87FE9CAE1D28}"
EndProject
Project("{FAE04EC0-301F-11D3-BF4B-00C04F79EFBC}") = "MiniMesDocumentation.Domain", "MiniMesDocumentation.Domain\MiniMesDocumentation.Domain.csproj", "{C0939BB3-224E-4C84-8BE2-DB39F3B099C1}"
EndProject
Project("{FAE04EC0-301F-11D3-BF4B-00C04F79EFBC}") = "MiniMesDocumentation.Infrastructure", "MiniMesDocumentation.Infrastructure\MiniMesDocumentation.Infrastructure.csproj", "{1C7D8FC6-EA94-4B35-8D1E-07317C28F2C7}"
EndProject
Project("{FAE04EC0-301F-11D3-BF4B-00C04F79EFBC}") = "MiniMesDocumentation.Presentation", "MiniMesDocumentation.Presentation\MiniMesDocumentation.Presentation.csproj", "{1B55726D-2A71-4CAC-8041-9E4CCE391E99}"
EndProject
Global
	GlobalSection(SolutionConfigurationPlatforms) = preSolution
		Debug|Any CPU = Debug|Any CPU
		Release|Any CPU = Release|Any CPU
	EndGlobalSection
	GlobalSection(ProjectConfigurationPlatforms) = postSolution
		{E3BF5521-84C1-4B0E-863D-1AD3F961ECFA}.Debug|Any CPU.ActiveCfg = Debug|Any CPU
		{E3BF5521-84C1-4B0E-863D-1AD3F961ECFA}.Debug|Any CPU.Build.0 = Debug|Any CPU
		{E3BF5521-84C1-4B0E-863D-1AD3F961ECFA}.Release|Any CPU.ActiveCfg = Release|Any CPU
		{E3BF5521-84C1-4B0E-863D-1AD3F961ECFA}.Release|Any CPU.Build.0 = Release|Any CPU
		{D20E824E-92D1-48A7-ACA9-87FE9CAE1D28}.Debug|Any CPU.ActiveCfg = Debug|Any CPU
		{D20E824E-92D1-48A7-ACA9-87FE9CAE1D28}.Debug|Any CPU.Build.0 = Debug|Any CPU
		{D20E824E-92D1-48A7-ACA9-87FE9CAE1D28}.Release|Any CPU.ActiveCfg = Release|Any CPU
		{D20E824E-92D1-48A7-ACA9-87FE9CAE1D28}.Release|Any CPU.Build.0 = Release|Any CPU
		{C0939BB3-224E-4C84-8BE2-DB39F3B099C1}.Debug|Any CPU.ActiveCfg = Debug|Any CPU
		{C0939BB3-224E-4C84-8BE2-DB39F3B099C1}.Debug|Any CPU.Build.0 = Debug|Any CPU
		{C0939BB3-224E-4C84-8BE2-DB39F3B099C1}.Release|Any CPU.ActiveCfg = Release|Any CPU
		{C0939BB3-224E-4C84-8BE2-DB39F3B099C1}.Release|Any CPU.Build.0 = Release|Any CPU
		{1C7D8FC6-EA94-4B35-8D1E-07317C28F2C7}.Debug|Any CPU.ActiveCfg = Debug|Any CPU
		{1C7D8FC6-EA94-4B35-8D1E-07317C28F2C7}.Debug|Any CPU.Build.0 = Debug|Any CPU
		{1C7D8FC6-EA94-4B35-8D1E-07317C28F2C7}.Release|Any CPU.ActiveCfg = Release|Any CPU
		{1C7D8FC6-EA94-4B35-8D1E-07317C28F2C7}.Release|Any CPU.Build.0 = Release|Any CPU
		{1B55726D-2A71-4CAC-8041-9E4CCE391E99}.Debug|Any CPU.ActiveCfg = Debug|Any CPU
		{1B55726D-2A71-4CAC-8041-9E4CCE391E99}.Debug|Any CPU.Build.0 = Debug|Any CPU
		{1B55726D-2A71-4CAC-8041-9E4CCE391E99}.Release|Any CPU.ActiveCfg = Release|Any CPU
		{1B55726D-2A71-4CAC-8041-9E4CCE391E99}.Release|Any CPU.Build.0 = Release|Any CPU
	EndGlobalSection
	GlobalSection(SolutionProperties) = preSolution
		HideSolutionNode = FALSE
	EndGlobalSection
	GlobalSection(ExtensibilityGlobals) = postSolution
		SolutionGuid = {CF7FEB91-3C3F-4A0A-B9CD-AAE1B454D79B}
	EndGlobalSection
EndGlobal
